// !$*UTF8*$!
{
	archiveVersion = 1;
	classes = {
	};
	objectVersion = 46;
	objects = {

/* Begin PBXBuildFile section */
		C3175EDC16034EC000398BA5 /* local_html-file.html in Resources */ = {isa = PBXBuildFile; fileRef = C3175EDB16034EC000398BA5 /* local_html-file.html */; };
		C334298B15FE59990002F26F /* UIKit.framework in Frameworks */ = {isa = PBXBuildFile; fileRef = C334298A15FE59990002F26F /* UIKit.framework */; };
		C334298D15FE59990002F26F /* Foundation.framework in Frameworks */ = {isa = PBXBuildFile; fileRef = C334298C15FE59990002F26F /* Foundation.framework */; };
		C334298F15FE59990002F26F /* CoreGraphics.framework in Frameworks */ = {isa = PBXBuildFile; fileRef = C334298E15FE59990002F26F /* CoreGraphics.framework */; };
		C334299515FE59990002F26F /* InfoPlist.strings in Resources */ = {isa = PBXBuildFile; fileRef = C334299315FE59990002F26F /* InfoPlist.strings */; };
		C334299715FE59990002F26F /* main.m in Sources */ = {isa = PBXBuildFile; fileRef = C334299615FE59990002F26F /* main.m */; };
		C334299B15FE59990002F26F /* AppDelegate.m in Sources */ = {isa = PBXBuildFile; fileRef = C334299A15FE59990002F26F /* AppDelegate.m */; };
		C334299E15FE59990002F26F /* MainStoryboard.storyboard in Resources */ = {isa = PBXBuildFile; fileRef = C334299C15FE59990002F26F /* MainStoryboard.storyboard */; };
		C33429A115FE59990002F26F /* ViewController.m in Sources */ = {isa = PBXBuildFile; fileRef = C33429A015FE59990002F26F /* ViewController.m */; };
		C33429A915FE59990002F26F /* SenTestingKit.framework in Frameworks */ = {isa = PBXBuildFile; fileRef = C33429A815FE59990002F26F /* SenTestingKit.framework */; };
		C33429AA15FE59990002F26F /* UIKit.framework in Frameworks */ = {isa = PBXBuildFile; fileRef = C334298A15FE59990002F26F /* UIKit.framework */; };
		C33429AB15FE59990002F26F /* Foundation.framework in Frameworks */ = {isa = PBXBuildFile; fileRef = C334298C15FE59990002F26F /* Foundation.framework */; };
		C33429B315FE59990002F26F /* InfoPlist.strings in Resources */ = {isa = PBXBuildFile; fileRef = C33429B115FE59990002F26F /* InfoPlist.strings */; };
		C33429B615FE59990002F26F /* IMT3661Tests.m in Sources */ = {isa = PBXBuildFile; fileRef = C33429B515FE59990002F26F /* IMT3661Tests.m */; };
		C36111B315FFAEB70012DD1C /* Icon-72.png in Resources */ = {isa = PBXBuildFile; fileRef = C36111AD15FFAEB70012DD1C /* Icon-72.png */; };
		C36111B415FFAEB70012DD1C /* Icon-Small-50.png in Resources */ = {isa = PBXBuildFile; fileRef = C36111AE15FFAEB70012DD1C /* Icon-Small-50.png */; };
		C36111B515FFAEB70012DD1C /* Icon-Small.png in Resources */ = {isa = PBXBuildFile; fileRef = C36111AF15FFAEB70012DD1C /* Icon-Small.png */; };
		C36111B615FFAEB70012DD1C /* Icon-Small@2x.png in Resources */ = {isa = PBXBuildFile; fileRef = C36111B015FFAEB70012DD1C /* Icon-Small@2x.png */; };
		C36111B715FFAEB70012DD1C /* Icon.png in Resources */ = {isa = PBXBuildFile; fileRef = C36111B115FFAEB70012DD1C /* Icon.png */; };
		C36111B815FFAEB70012DD1C /* Icon@2x.png in Resources */ = {isa = PBXBuildFile; fileRef = C36111B215FFAEB70012DD1C /* Icon@2x.png */; };
		C39210D11601CBA400EEDAD1 /* iAd.framework in Frameworks */ = {isa = PBXBuildFile; fileRef = C39210D01601CBA400EEDAD1 /* iAd.framework */; };
		C392114F16027FA200EEDAD1 /* SendingData.m in Sources */ = {isa = PBXBuildFile; fileRef = C392114E16027FA200EEDAD1 /* SendingData.m */; };
		C3D6D5A416038D7800A6FCE9 /* eating.png in Resources */ = {isa = PBXBuildFile; fileRef = C3D6D5A116038D7800A6FCE9 /* eating.png */; };
		C3D6D5A516038D7800A6FCE9 /* happy.png in Resources */ = {isa = PBXBuildFile; fileRef = C3D6D5A216038D7800A6FCE9 /* happy.png */; };
		C3D6D5A616038D7800A6FCE9 /* hungry.png in Resources */ = {isa = PBXBuildFile; fileRef = C3D6D5A316038D7800A6FCE9 /* hungry.png */; };
		C3D717EE1600BD3A0071152D /* Pizza-transparent.png in Resources */ = {isa = PBXBuildFile; fileRef = C3D717ED1600BD3A0071152D /* Pizza-transparent.png */; };
		C3D717F11600BEB50071152D /* CircleViewController.m in Sources */ = {isa = PBXBuildFile; fileRef = C3D717F01600BEB50071152D /* CircleViewController.m */; };
/* End PBXBuildFile section */

/* Begin PBXContainerItemProxy section */
		C33429AC15FE59990002F26F /* PBXContainerItemProxy */ = {
			isa = PBXContainerItemProxy;
			containerPortal = C334297D15FE59990002F26F /* Project object */;
			proxyType = 1;
			remoteGlobalIDString = C334298515FE59990002F26F;
			remoteInfo = IMT3661;
		};
/* End PBXContainerItemProxy section */

/* Begin PBXFileReference section */
		C3175EDB16034EC000398BA5 /* local_html-file.html */ = {isa = PBXFileReference; fileEncoding = 4; lastKnownFileType = text.html; path = "local_html-file.html"; sourceTree = "<group>"; };
		C334298615FE59990002F26F /* IMT3661.app */ = {isa = PBXFileReference; explicitFileType = wrapper.application; includeInIndex = 0; path = IMT3661.app; sourceTree = BUILT_PRODUCTS_DIR; };
		C334298A15FE59990002F26F /* UIKit.framework */ = {isa = PBXFileReference; lastKnownFileType = wrapper.framework; name = UIKit.framework; path = System/Library/Frameworks/UIKit.framework; sourceTree = SDKROOT; };
		C334298C15FE59990002F26F /* Foundation.framework */ = {isa = PBXFileReference; lastKnownFileType = wrapper.framework; name = Foundation.framework; path = System/Library/Frameworks/Foundation.framework; sourceTree = SDKROOT; };
		C334298E15FE59990002F26F /* CoreGraphics.framework */ = {isa = PBXFileReference; lastKnownFileType = wrapper.framework; name = CoreGraphics.framework; path = System/Library/Frameworks/CoreGraphics.framework; sourceTree = SDKROOT; };
		C334299215FE59990002F26F /* IMT3661-Info.plist */ = {isa = PBXFileReference; lastKnownFileType = text.plist.xml; path = "IMT3661-Info.plist"; sourceTree = "<group>"; };
		C334299415FE59990002F26F /* en */ = {isa = PBXFileReference; lastKnownFileType = text.plist.strings; name = en; path = en.lproj/InfoPlist.strings; sourceTree = "<group>"; };
		C334299615FE59990002F26F /* main.m */ = {isa = PBXFileReference; lastKnownFileType = sourcecode.c.objc; path = main.m; sourceTree = "<group>"; };
		C334299815FE59990002F26F /* IMT3661-Prefix.pch */ = {isa = PBXFileReference; lastKnownFileType = sourcecode.c.h; path = "IMT3661-Prefix.pch"; sourceTree = "<group>"; };
		C334299915FE59990002F26F /* AppDelegate.h */ = {isa = PBXFileReference; lastKnownFileType = sourcecode.c.h; path = AppDelegate.h; sourceTree = "<group>"; };
		C334299A15FE59990002F26F /* AppDelegate.m */ = {isa = PBXFileReference; lastKnownFileType = sourcecode.c.objc; path = AppDelegate.m; sourceTree = "<group>"; };
		C334299D15FE59990002F26F /* en */ = {isa = PBXFileReference; lastKnownFileType = file.storyboard; name = en; path = en.lproj/MainStoryboard.storyboard; sourceTree = "<group>"; };
		C334299F15FE59990002F26F /* ViewController.h */ = {isa = PBXFileReference; lastKnownFileType = sourcecode.c.h; path = ViewController.h; sourceTree = "<group>"; };
		C33429A015FE59990002F26F /* ViewController.m */ = {isa = PBXFileReference; lastKnownFileType = sourcecode.c.objc; path = ViewController.m; sourceTree = "<group>"; };
		C33429A715FE59990002F26F /* IMT3661Tests.octest */ = {isa = PBXFileReference; explicitFileType = wrapper.cfbundle; includeInIndex = 0; path = IMT3661Tests.octest; sourceTree = BUILT_PRODUCTS_DIR; };
		C33429A815FE59990002F26F /* SenTestingKit.framework */ = {isa = PBXFileReference; lastKnownFileType = wrapper.framework; name = SenTestingKit.framework; path = Library/Frameworks/SenTestingKit.framework; sourceTree = DEVELOPER_DIR; };
		C33429B015FE59990002F26F /* IMT3661Tests-Info.plist */ = {isa = PBXFileReference; lastKnownFileType = text.plist.xml; path = "IMT3661Tests-Info.plist"; sourceTree = "<group>"; };
		C33429B215FE59990002F26F /* en */ = {isa = PBXFileReference; lastKnownFileType = text.plist.strings; name = en; path = en.lproj/InfoPlist.strings; sourceTree = "<group>"; };
		C33429B415FE59990002F26F /* IMT3661Tests.h */ = {isa = PBXFileReference; lastKnownFileType = sourcecode.c.h; path = IMT3661Tests.h; sourceTree = "<group>"; };
		C33429B515FE59990002F26F /* IMT3661Tests.m */ = {isa = PBXFileReference; lastKnownFileType = sourcecode.c.objc; path = IMT3661Tests.m; sourceTree = "<group>"; };
		C36111AD15FFAEB70012DD1C /* Icon-72.png */ = {isa = PBXFileReference; lastKnownFileType = image.png; name = "Icon-72.png"; path = "../Resources/Icon-72.png"; sourceTree = "<group>"; };
		C36111AE15FFAEB70012DD1C /* Icon-Small-50.png */ = {isa = PBXFileReference; lastKnownFileType = image.png; name = "Icon-Small-50.png"; path = "../Resources/Icon-Small-50.png"; sourceTree = "<group>"; };
		C36111AF15FFAEB70012DD1C /* Icon-Small.png */ = {isa = PBXFileReference; lastKnownFileType = image.png; name = "Icon-Small.png"; path = "../Resources/Icon-Small.png"; sourceTree = "<group>"; };
		C36111B015FFAEB70012DD1C /* Icon-Small@2x.png */ = {isa = PBXFileReference; lastKnownFileType = image.png; name = "Icon-Small@2x.png"; path = "../Resources/Icon-Small@2x.png"; sourceTree = "<group>"; };
		C36111B115FFAEB70012DD1C /* Icon.png */ = {isa = PBXFileReference; lastKnownFileType = image.png; name = Icon.png; path = ../Resources/Icon.png; sourceTree = "<group>"; };
		C36111B215FFAEB70012DD1C /* Icon@2x.png */ = {isa = PBXFileReference; lastKnownFileType = image.png; name = "Icon@2x.png"; path = "../Resources/Icon@2x.png"; sourceTree = "<group>"; };
		C39210D01601CBA400EEDAD1 /* iAd.framework */ = {isa = PBXFileReference; lastKnownFileType = wrapper.framework; name = iAd.framework; path = System/Library/Frameworks/iAd.framework; sourceTree = SDKROOT; };
		C392114D16027FA200EEDAD1 /* SendingData.h */ = {isa = PBXFileReference; fileEncoding = 4; lastKnownFileType = sourcecode.c.h; name = SendingData.h; path = ../SendingData.h; sourceTree = "<group>"; };
		C392114E16027FA200EEDAD1 /* SendingData.m */ = {isa = PBXFileReference; fileEncoding = 4; lastKnownFileType = sourcecode.c.objc; name = SendingData.m; path = ../SendingData.m; sourceTree = "<group>"; };
		C3D6D5A116038D7800A6FCE9 /* eating.png */ = {isa = PBXFileReference; lastKnownFileType = image.png; path = eating.png; sourceTree = "<group>"; };
		C3D6D5A216038D7800A6FCE9 /* happy.png */ = {isa = PBXFileReference; lastKnownFileType = image.png; path = happy.png; sourceTree = "<group>"; };
		C3D6D5A316038D7800A6FCE9 /* hungry.png */ = {isa = PBXFileReference; lastKnownFileType = image.png; path = hungry.png; sourceTree = "<group>"; };
		C3D717ED1600BD3A0071152D /* Pizza-transparent.png */ = {isa = PBXFileReference; lastKnownFileType = image.png; path = "Pizza-transparent.png"; sourceTree = "<group>"; };
		C3D717EF1600BEB50071152D /* CircleViewController.h */ = {isa = PBXFileReference; fileEncoding = 4; lastKnownFileType = sourcecode.c.h; path = CircleViewController.h; sourceTree = "<group>"; };
		C3D717F01600BEB50071152D /* CircleViewController.m */ = {isa = PBXFileReference; fileEncoding = 4; lastKnownFileType = sourcecode.c.objc; path = CircleViewController.m; sourceTree = "<group>"; };
/* End PBXFileReference section */

/* Begin PBXFrameworksBuildPhase section */
		C334298315FE59990002F26F /* Frameworks */ = {
			isa = PBXFrameworksBuildPhase;
			buildActionMask = 2147483647;
			files = (
				C39210D11601CBA400EEDAD1 /* iAd.framework in Frameworks */,
				C334298B15FE59990002F26F /* UIKit.framework in Frameworks */,
				C334298D15FE59990002F26F /* Foundation.framework in Frameworks */,
				C334298F15FE59990002F26F /* CoreGraphics.framework in Frameworks */,
			);
			runOnlyForDeploymentPostprocessing = 0;
		};
		C33429A315FE59990002F26F /* Frameworks */ = {
			isa = PBXFrameworksBuildPhase;
			buildActionMask = 2147483647;
			files = (
				C33429A915FE59990002F26F /* SenTestingKit.framework in Frameworks */,
				C33429AA15FE59990002F26F /* UIKit.framework in Frameworks */,
				C33429AB15FE59990002F26F /* Foundation.framework in Frameworks */,
			);
			runOnlyForDeploymentPostprocessing = 0;
		};
/* End PBXFrameworksBuildPhase section */

/* Begin PBXGroup section */
		C334297B15FE59990002F26F = {
			isa = PBXGroup;
			children = (
				C3175EDB16034EC000398BA5 /* local_html-file.html */,
				C36111BA15FFAEDB0012DD1C /* Resources */,
				C334299015FE59990002F26F /* IMT3661 */,
				C33429AE15FE59990002F26F /* IMT3661Tests */,
				C334298915FE59990002F26F /* Frameworks */,
				C334298715FE59990002F26F /* Products */,
			);
			sourceTree = "<group>";
		};
		C334298715FE59990002F26F /* Products */ = {
			isa = PBXGroup;
			children = (
				C334298615FE59990002F26F /* IMT3661.app */,
				C33429A715FE59990002F26F /* IMT3661Tests.octest */,
			);
			name = Products;
			sourceTree = "<group>";
		};
		C334298915FE59990002F26F /* Frameworks */ = {
			isa = PBXGroup;
			children = (
				C39210D01601CBA400EEDAD1 /* iAd.framework */,
				C334298A15FE59990002F26F /* UIKit.framework */,
				C334298C15FE59990002F26F /* Foundation.framework */,
				C334298E15FE59990002F26F /* CoreGraphics.framework */,
				C33429A815FE59990002F26F /* SenTestingKit.framework */,
			);
			name = Frameworks;
			sourceTree = "<group>";
		};
		C334299015FE59990002F26F /* IMT3661 */ = {
			isa = PBXGroup;
			children = (
				C3D6D5A116038D7800A6FCE9 /* eating.png */,
				C3D6D5A216038D7800A6FCE9 /* happy.png */,
				C3D6D5A316038D7800A6FCE9 /* hungry.png */,
				C392114D16027FA200EEDAD1 /* SendingData.h */,
				C392114E16027FA200EEDAD1 /* SendingData.m */,
				C3D717ED1600BD3A0071152D /* Pizza-transparent.png */,
				C334299915FE59990002F26F /* AppDelegate.h */,
				C334299A15FE59990002F26F /* AppDelegate.m */,
				C334299C15FE59990002F26F /* MainStoryboard.storyboard */,
				C334299F15FE59990002F26F /* ViewController.h */,
				C33429A015FE59990002F26F /* ViewController.m */,
				C334299115FE59990002F26F /* Supporting Files */,
				C3D717EF1600BEB50071152D /* CircleViewController.h */,
				C3D717F01600BEB50071152D /* CircleViewController.m */,
			);
			path = IMT3661;
			sourceTree = "<group>";
		};
		C334299115FE59990002F26F /* Supporting Files */ = {
			isa = PBXGroup;
			children = (
				C334299215FE59990002F26F /* IMT3661-Info.plist */,
				C334299315FE59990002F26F /* InfoPlist.strings */,
				C334299615FE59990002F26F /* main.m */,
				C334299815FE59990002F26F /* IMT3661-Prefix.pch */,
			);
			name = "Supporting Files";
			sourceTree = "<group>";
		};
		C33429AE15FE59990002F26F /* IMT3661Tests */ = {
			isa = PBXGroup;
			children = (
				C33429B415FE59990002F26F /* IMT3661Tests.h */,
				C33429B515FE59990002F26F /* IMT3661Tests.m */,
				C33429AF15FE59990002F26F /* Supporting Files */,
			);
			path = IMT3661Tests;
			sourceTree = "<group>";
		};
		C33429AF15FE59990002F26F /* Supporting Files */ = {
			isa = PBXGroup;
			children = (
				C33429B015FE59990002F26F /* IMT3661Tests-Info.plist */,
				C33429B115FE59990002F26F /* InfoPlist.strings */,
			);
			name = "Supporting Files";
			sourceTree = "<group>";
		};
		C36111BA15FFAEDB0012DD1C /* Resources */ = {
			isa = PBXGroup;
			children = (
				C36111AD15FFAEB70012DD1C /* Icon-72.png */,
				C36111AE15FFAEB70012DD1C /* Icon-Small-50.png */,
				C36111AF15FFAEB70012DD1C /* Icon-Small.png */,
				C36111B015FFAEB70012DD1C /* Icon-Small@2x.png */,
				C36111B115FFAEB70012DD1C /* Icon.png */,
				C36111B215FFAEB70012DD1C /* Icon@2x.png */,
			);
			name = Resources;
			sourceTree = "<group>";
		};
/* End PBXGroup section */

/* Begin PBXNativeTarget section */
		C334298515FE59990002F26F /* IMT3661 */ = {
			isa = PBXNativeTarget;
			buildConfigurationList = C33429B915FE59990002F26F /* Build configuration list for PBXNativeTarget "IMT3661" */;
			buildPhases = (
				C334298215FE59990002F26F /* Sources */,
				C334298315FE59990002F26F /* Frameworks */,
				C334298415FE59990002F26F /* Resources */,
			);
			buildRules = (
			);
			dependencies = (
			);
			name = IMT3661;
			productName = IMT3661;
			productReference = C334298615FE59990002F26F /* IMT3661.app */;
			productType = "com.apple.product-type.application";
		};
		C33429A615FE59990002F26F /* IMT3661Tests */ = {
			isa = PBXNativeTarget;
			buildConfigurationList = C33429BC15FE59990002F26F /* Build configuration list for PBXNativeTarget "IMT3661Tests" */;
			buildPhases = (
				C33429A215FE59990002F26F /* Sources */,
				C33429A315FE59990002F26F /* Frameworks */,
				C33429A415FE59990002F26F /* Resources */,
				C33429A515FE59990002F26F /* ShellScript */,
			);
			buildRules = (
			);
			dependencies = (
				C33429AD15FE59990002F26F /* PBXTargetDependency */,
			);
			name = IMT3661Tests;
			productName = IMT3661Tests;
			productReference = C33429A715FE59990002F26F /* IMT3661Tests.octest */;
			productType = "com.apple.product-type.bundle";
		};
/* End PBXNativeTarget section */

/* Begin PBXProject section */
		C334297D15FE59990002F26F /* Project object */ = {
			isa = PBXProject;
			attributes = {
				LastUpgradeCheck = 0440;
				ORGANIZATIONNAME = Comtet;
			};
			buildConfigurationList = C334298015FE59990002F26F /* Build configuration list for PBXProject "IMT3661" */;
			compatibilityVersion = "Xcode 3.2";
			developmentRegion = English;
			hasScannedForEncodings = 0;
			knownRegions = (
				en,
			);
			mainGroup = C334297B15FE59990002F26F;
			productRefGroup = C334298715FE59990002F26F /* Products */;
			projectDirPath = "";
			projectRoot = "";
			targets = (
				C334298515FE59990002F26F /* IMT3661 */,
				C33429A615FE59990002F26F /* IMT3661Tests */,
			);
		};
/* End PBXProject section */

/* Begin PBXResourcesBuildPhase section */
		C334298415FE59990002F26F /* Resources */ = {
			isa = PBXResourcesBuildPhase;
			buildActionMask = 2147483647;
			files = (
				C334299515FE59990002F26F /* InfoPlist.strings in Resources */,
				C334299E15FE59990002F26F /* MainStoryboard.storyboard in Resources */,
				C36111B315FFAEB70012DD1C /* Icon-72.png in Resources */,
				C36111B415FFAEB70012DD1C /* Icon-Small-50.png in Resources */,
				C36111B515FFAEB70012DD1C /* Icon-Small.png in Resources */,
				C36111B615FFAEB70012DD1C /* Icon-Small@2x.png in Resources */,
				C36111B715FFAEB70012DD1C /* Icon.png in Resources */,
				C36111B815FFAEB70012DD1C /* Icon@2x.png in Resources */,
				C3D717EE1600BD3A0071152D /* Pizza-transparent.png in Resources */,
				C3175EDC16034EC000398BA5 /* local_html-file.html in Resources */,
				C3D6D5A416038D7800A6FCE9 /* eating.png in Resources */,
				C3D6D5A516038D7800A6FCE9 /* happy.png in Resources */,
				C3D6D5A616038D7800A6FCE9 /* hungry.png in Resources */,
			);
			runOnlyForDeploymentPostprocessing = 0;
		};
		C33429A415FE59990002F26F /* Resources */ = {
			isa = PBXResourcesBuildPhase;
			buildActionMask = 2147483647;
			files = (
				C33429B315FE59990002F26F /* InfoPlist.strings in Resources */,
			);
			runOnlyForDeploymentPostprocessing = 0;
		};
/* End PBXResourcesBuildPhase section */

/* Begin PBXShellScriptBuildPhase section */
		C33429A515FE59990002F26F /* ShellScript */ = {
			isa = PBXShellScriptBuildPhase;
			buildActionMask = 2147483647;
			files = (
			);
			inputPaths = (
			);
			outputPaths = (
			);
			runOnlyForDeploymentPostprocessing = 0;
			shellPath = /bin/sh;
			shellScript = "# Run the unit tests in this test bundle.\n\"${SYSTEM_DEVELOPER_DIR}/Tools/RunUnitTests\"\n";
		};
/* End PBXShellScriptBuildPhase section */

/* Begin PBXSourcesBuildPhase section */
		C334298215FE59990002F26F /* Sources */ = {
			isa = PBXSourcesBuildPhase;
			buildActionMask = 2147483647;
			files = (
				C334299715FE59990002F26F /* main.m in Sources */,
				C334299B15FE59990002F26F /* AppDelegate.m in Sources */,
				C33429A115FE59990002F26F /* ViewController.m in Sources */,
				C3D717F11600BEB50071152D /* CircleViewController.m in Sources */,
				C392114F16027FA200EEDAD1 /* SendingData.m in Sources */,
			);
			runOnlyForDeploymentPostprocessing = 0;
		};
		C33429A215FE59990002F26F /* Sources */ = {
			isa = PBXSourcesBuildPhase;
			buildActionMask = 2147483647;
			files = (
				C33429B615FE59990002F26F /* IMT3661Tests.m in Sources */,
			);
			runOnlyForDeploymentPostprocessing = 0;
		};
/* End PBXSourcesBuildPhase section */

/* Begin PBXTargetDependency section */
		C33429AD15FE59990002F26F /* PBXTargetDependency */ = {
			isa = PBXTargetDependency;
			target = C334298515FE59990002F26F /* IMT3661 */;
			targetProxy = C33429AC15FE59990002F26F /* PBXContainerItemProxy */;
		};
/* End PBXTargetDependency section */

/* Begin PBXVariantGroup section */
		C334299315FE59990002F26F /* InfoPlist.strings */ = {
			isa = PBXVariantGroup;
			children = (
				C334299415FE59990002F26F /* en */,
			);
			name = InfoPlist.strings;
			sourceTree = "<group>";
		};
		C334299C15FE59990002F26F /* MainStoryboard.storyboard */ = {
			isa = PBXVariantGroup;
			children = (
				C334299D15FE59990002F26F /* en */,
			);
			name = MainStoryboard.storyboard;
			sourceTree = "<group>";
		};
		C33429B115FE59990002F26F /* InfoPlist.strings */ = {
			isa = PBXVariantGroup;
			children = (
				C33429B215FE59990002F26F /* en */,
			);
			name = InfoPlist.strings;
			sourceTree = "<group>";
		};
/* End PBXVariantGroup section */

/* Begin XCBuildConfiguration section */
		C33429B715FE59990002F26F /* Debug */ = {
			isa = XCBuildConfiguration;
			buildSettings = {
				ALWAYS_SEARCH_USER_PATHS = NO;
				ARCHS = "$(ARCHS_STANDARD_32_BIT)";
				CLANG_CXX_LANGUAGE_STANDARD = "gnu++0x";
				CLANG_ENABLE_OBJC_ARC = YES;
				CLANG_WARN__DUPLICATE_METHOD_MATCH = YES;
				"CODE_SIGN_IDENTITY[sdk=iphoneos*]" = "iPhone Developer";
				COPY_PHASE_STRIP = NO;
				GCC_C_LANGUAGE_STANDARD = gnu99;
				GCC_DYNAMIC_NO_PIC = NO;
				GCC_OPTIMIZATION_LEVEL = 0;
				GCC_PREPROCESSOR_DEFINITIONS = (
					"DEBUG=1",
					"$(inherited)",
				);
				GCC_SYMBOLS_PRIVATE_EXTERN = NO;
				GCC_VERSION = com.apple.compilers.llvm.clang.1_0;
				GCC_WARN_ABOUT_RETURN_TYPE = YES;
				GCC_WARN_UNINITIALIZED_AUTOS = YES;
				GCC_WARN_UNUSED_VARIABLE = YES;
				IPHONEOS_DEPLOYMENT_TARGET = 5.1;
				SDKROOT = iphoneos;
			};
			name = Debug;
		};
		C33429B815FE59990002F26F /* Release */ = {
			isa = XCBuildConfiguration;
			buildSettings = {
				ALWAYS_SEARCH_USER_PATHS = NO;
				ARCHS = "$(ARCHS_STANDARD_32_BIT)";
				CLANG_CXX_LANGUAGE_STANDARD = "gnu++0x";
				CLANG_ENABLE_OBJC_ARC = YES;
				CLANG_WARN__DUPLICATE_METHOD_MATCH = YES;
				"CODE_SIGN_IDENTITY[sdk=iphoneos*]" = "iPhone Developer";
				COPY_PHASE_STRIP = YES;
				GCC_C_LANGUAGE_STANDARD = gnu99;
				GCC_VERSION = com.apple.compilers.llvm.clang.1_0;
				GCC_WARN_ABOUT_RETURN_TYPE = YES;
				GCC_WARN_UNINITIALIZED_AUTOS = YES;
				GCC_WARN_UNUSED_VARIABLE = YES;
				IPHONEOS_DEPLOYMENT_TARGET = 5.1;
				OTHER_CFLAGS = "-DNS_BLOCK_ASSERTIONS=1";
				SDKROOT = iphoneos;
				VALIDATE_PRODUCT = YES;
			};
			name = Release;
		};
		C33429BA15FE59990002F26F /* Debug */ = {
			isa = XCBuildConfiguration;
			buildSettings = {
				GCC_PRECOMPILE_PREFIX_HEADER = YES;
				GCC_PREFIX_HEADER = "IMT3661/IMT3661-Prefix.pch";
				INFOPLIST_FILE = "IMT3661/IMT3661-Info.plist";
				PRODUCT_NAME = "$(TARGET_NAME)";
				WRAPPER_EXTENSION = app;
			};
			name = Debug;
		};
		C33429BB15FE59990002F26F /* Release */ = {
			isa = XCBuildConfiguration;
			buildSettings = {
				GCC_PRECOMPILE_PREFIX_HEADER = YES;
				GCC_PREFIX_HEADER = "IMT3661/IMT3661-Prefix.pch";
				INFOPLIST_FILE = "IMT3661/IMT3661-Info.plist";
				PRODUCT_NAME = "$(TARGET_NAME)";
				WRAPPER_EXTENSION = app;
			};
			name = Release;
		};
		C33429BD15FE59990002F26F /* Debug */ = {
			isa = XCBuildConfiguration;
			buildSettings = {
				BUNDLE_LOADER = "$(BUILT_PRODUCTS_DIR)/IMT3661.app/IMT3661";
				FRAMEWORK_SEARCH_PATHS = (
					"\"$(SDKROOT)/Developer/Library/Frameworks\"",
					"\"$(DEVELOPER_LIBRARY_DIR)/Frameworks\"",
				);
				GCC_PRECOMPILE_PREFIX_HEADER = YES;
				GCC_PREFIX_HEADER = "IMT3661/IMT3661-Prefix.pch";
				INFOPLIST_FILE = "IMT3661Tests/IMT3661Tests-Info.plist";
				PRODUCT_NAME = "$(TARGET_NAME)";
				TEST_HOST = "$(BUNDLE_LOADER)";
				WRAPPER_EXTENSION = octest;
			};
			name = Debug;
		};
		C33429BE15FE59990002F26F /* Release */ = {
			isa = XCBuildConfiguration;
			buildSettings = {
				BUNDLE_LOADER = "$(BUILT_PRODUCTS_DIR)/IMT3661.app/IMT3661";
				FRAMEWORK_SEARCH_PATHS = (
					"\"$(SDKROOT)/Developer/Library/Frameworks\"",
					"\"$(DEVELOPER_LIBRARY_DIR)/Frameworks\"",
				);
				GCC_PRECOMPILE_PREFIX_HEADER = YES;
				GCC_PREFIX_HEADER = "IMT3661/IMT3661-Prefix.pch";
				INFOPLIST_FILE = "IMT3661Tests/IMT3661Tests-Info.plist";
				PRODUCT_NAME = "$(TARGET_NAME)";
				TEST_HOST = "$(BUNDLE_LOADER)";
				WRAPPER_EXTENSION = octest;
			};
			name = Release;
		};
/* End XCBuildConfiguration section */

/* Begin XCConfigurationList section */
		C334298015FE59990002F26F /* Build configuration list for PBXProject "IMT3661" */ = {
			isa = XCConfigurationList;
			buildConfigurations = (
				C33429B715FE59990002F26F /* Debug */,
				C33429B815FE59990002F26F /* Release */,
			);
			defaultConfigurationIsVisible = 0;
			defaultConfigurationName = Release;
		};
		C33429B915FE59990002F26F /* Build configuration list for PBXNativeTarget "IMT3661" */ = {
			isa = XCConfigurationList;
			buildConfigurations = (
				C33429BA15FE59990002F26F /* Debug */,
				C33429BB15FE59990002F26F /* Release */,
			);
			defaultConfigurationIsVisible = 0;
			defaultConfigurationName = Release;
		};
		C33429BC15FE59990002F26F /* Build configuration list for PBXNativeTarget "IMT3661Tests" */ = {
			isa = XCConfigurationList;
			buildConfigurations = (
				C33429BD15FE59990002F26F /* Debug */,
				C33429BE15FE59990002F26F /* Release */,
			);
			defaultConfigurationIsVisible = 0;
			defaultConfigurationName = Release;
		};
/* End XCConfigurationList section */
	};
	rootObject = C334297D15FE59990002F26F /* Project object */;
}
